
Microsoft Visual Studio Solution File, Format Version 12.00
# Visual Studio Version 17
VisualStudioVersion = 17.11.35312.102
MinimumVisualStudioVersion = 10.0.40219.1
Project("{FAE04EC0-301F-11D3-BF4B-00C04F79EFBC}") = "csharp-array-vs-list-vs-arraylist-demo", "csharp-array-vs-list-vs-arraylist-demo.csproj", "{350DC2D3-52E8-41E5-B904-945E2CEC64C3}"
EndProject
Global
	GlobalSection(SolutionConfigurationPlatforms) = preSolution
		Debug|Any CPU = Debug|Any CPU
		Release|Any CPU = Release|Any CPU
	EndGlobalSection
	GlobalSection(ProjectConfigurationPlatforms) = postSolution
		{350DC2D3-52E8-41E5-B904-945E2CEC64C3}.Debug|Any CPU.ActiveCfg = Debug|Any CPU
		{350DC2D3-52E8-41E5-B904-945E2CEC64C3}.Debug|Any CPU.Build.0 = Debug|Any CPU
		{350DC2D3-52E8-41E5-B904-945E2CEC64C3}.Release|Any CPU.ActiveCfg = Release|Any CPU
		{350DC2D3-52E8-41E5-B904-945E2CEC64C3}.Release|Any CPU.Build.0 = Release|Any CPU
	EndGlobalSection
	GlobalSection(SolutionProperties) = preSolution
		HideSolutionNode = FALSE
	EndGlobalSection
	GlobalSection(ExtensibilityGlobals) = postSolution
		SolutionGuid = {FE466C3B-A437-44E9-830B-905E39D24432}
	EndGlobalSection
EndGlobal
