
Microsoft Visual Studio Solution File, Format Version 12.00
# Visual Studio Version 17
VisualStudioVersion = 17.11.35312.102
MinimumVisualStudioVersion = 10.0.40219.1
Project("{FAE04EC0-301F-11D3-BF4B-00C04F79EFBC}") = "csharp-chapter7-demos", "csharp-chapter7-demos.csproj", "{FE2423C1-04D4-43A5-B134-41C63FB4909C}"
EndProject
Global
	GlobalSection(SolutionConfigurationPlatforms) = preSolution
		Debug|Any CPU = Debug|Any CPU
		Release|Any CPU = Release|Any CPU
	EndGlobalSection
	GlobalSection(ProjectConfigurationPlatforms) = postSolution
		{FE2423C1-04D4-43A5-B134-41C63FB4909C}.Debug|Any CPU.ActiveCfg = Debug|Any CPU
		{FE2423C1-04D4-43A5-B134-41C63FB4909C}.Debug|Any CPU.Build.0 = Debug|Any CPU
		{FE2423C1-04D4-43A5-B134-41C63FB4909C}.Release|Any CPU.ActiveCfg = Release|Any CPU
		{FE2423C1-04D4-43A5-B134-41C63FB4909C}.Release|Any CPU.Build.0 = Release|Any CPU
	EndGlobalSection
	GlobalSection(SolutionProperties) = preSolution
		HideSolutionNode = FALSE
	EndGlobalSection
	GlobalSection(ExtensibilityGlobals) = postSolution
		SolutionGuid = {3934CF57-37AD-4CB7-AAB6-62626F49918C}
	EndGlobalSection
EndGlobal
