
Microsoft Visual Studio Solution File, Format Version 12.00
# Visual Studio Version 17
VisualStudioVersion = 17.12.35707.178 d17.12
MinimumVisualStudioVersion = 10.0.40219.1
Project("{FAE04EC0-301F-11D3-BF4B-00C04F79EFBC}") = "csharp-remidial-project-reps", "csharp-remidial-project-reps.csproj", "{B878FDCC-2D10-4523-AFBD-87C547C7DCCF}"
EndProject
Global
	GlobalSection(SolutionConfigurationPlatforms) = preSolution
		Debug|Any CPU = Debug|Any CPU
		Release|Any CPU = Release|Any CPU
	EndGlobalSection
	GlobalSection(ProjectConfigurationPlatforms) = postSolution
		{B878FDCC-2D10-4523-AFBD-87C547C7DCCF}.Debug|Any CPU.ActiveCfg = Debug|Any CPU
		{B878FDCC-2D10-4523-AFBD-87C547C7DCCF}.Debug|Any CPU.Build.0 = Debug|Any CPU
		{B878FDCC-2D10-4523-AFBD-87C547C7DCCF}.Release|Any CPU.ActiveCfg = Release|Any CPU
		{B878FDCC-2D10-4523-AFBD-87C547C7DCCF}.Release|Any CPU.Build.0 = Release|Any CPU
	EndGlobalSection
	GlobalSection(SolutionProperties) = preSolution
		HideSolutionNode = FALSE
	EndGlobalSection
EndGlobal
