
Microsoft Visual Studio Solution File, Format Version 12.00
# Visual Studio Version 17
VisualStudioVersion = 17.11.35312.102
MinimumVisualStudioVersion = 10.0.40219.1
Project("{FAE04EC0-301F-11D3-BF4B-00C04F79EFBC}") = "csharp-chapter18-demos", "csharp-chapter18-demos.csproj", "{3427E0EB-E1D7-42DC-9A2A-FFD66AA9CA75}"
EndProject
Global
	GlobalSection(SolutionConfigurationPlatforms) = preSolution
		Debug|Any CPU = Debug|Any CPU
		Release|Any CPU = Release|Any CPU
	EndGlobalSection
	GlobalSection(ProjectConfigurationPlatforms) = postSolution
		{3427E0EB-E1D7-42DC-9A2A-FFD66AA9CA75}.Debug|Any CPU.ActiveCfg = Debug|Any CPU
		{3427E0EB-E1D7-42DC-9A2A-FFD66AA9CA75}.Debug|Any CPU.Build.0 = Debug|Any CPU
		{3427E0EB-E1D7-42DC-9A2A-FFD66AA9CA75}.Release|Any CPU.ActiveCfg = Release|Any CPU
		{3427E0EB-E1D7-42DC-9A2A-FFD66AA9CA75}.Release|Any CPU.Build.0 = Release|Any CPU
	EndGlobalSection
	GlobalSection(SolutionProperties) = preSolution
		HideSolutionNode = FALSE
	EndGlobalSection
	GlobalSection(ExtensibilityGlobals) = postSolution
		SolutionGuid = {D53C4C59-96AA-48B6-AFA2-53610DFF22BD}
	EndGlobalSection
EndGlobal
