
Microsoft Visual Studio Solution File, Format Version 12.00
# Visual Studio Version 17
VisualStudioVersion = 17.12.35707.178 d17.12
MinimumVisualStudioVersion = 10.0.40219.1
Project("{FAE04EC0-301F-11D3-BF4B-00C04F79EFBC}") = "csharp-project-11-2-account-balance-calculator-demo", "csharp-project-11-2-account-balance-calculator-demo.csproj", "{F80E82AD-F90D-46CC-BA37-1869F0860753}"
EndProject
Global
	GlobalSection(SolutionConfigurationPlatforms) = preSolution
		Debug|Any CPU = Debug|Any CPU
		Release|Any CPU = Release|Any CPU
	EndGlobalSection
	GlobalSection(ProjectConfigurationPlatforms) = postSolution
		{F80E82AD-F90D-46CC-BA37-1869F0860753}.Debug|Any CPU.ActiveCfg = Debug|Any CPU
		{F80E82AD-F90D-46CC-BA37-1869F0860753}.Debug|Any CPU.Build.0 = Debug|Any CPU
		{F80E82AD-F90D-46CC-BA37-1869F0860753}.Release|Any CPU.ActiveCfg = Release|Any CPU
		{F80E82AD-F90D-46CC-BA37-1869F0860753}.Release|Any CPU.Build.0 = Release|Any CPU
	EndGlobalSection
	GlobalSection(SolutionProperties) = preSolution
		HideSolutionNode = FALSE
	EndGlobalSection
EndGlobal
